PODS:
  - BSZoomGridScrollView (0.1.4)

DEPENDENCIES:
  - BSZoomGridScrollView (from `../`)

EXTERNAL SOURCES:
  BSZoomGridScrollView:
    :path: "../"

SPEC CHECKSUMS:
  BSZoomGridScrollView: 2ad694576a0e12dafa0e35c2f23e897ae591535a

PODFILE CHECKSUM: a0b49d6ddff3a37ca5d2ad80461a1f49ed496298

COCOAPODS: 1.8.4
