PODS:
  - BSZoomGridScrollView (0.1.0)

DEPENDENCIES:
  - BSZoomGridScrollView (from `../`)

EXTERNAL SOURCES:
  BSZoomGridScrollView:
    :path: "../"

SPEC CHECKSUMS:
  BSZoomGridScrollView: 0a83d1dc33f849ddbdd97db0dba72724ce3722e0

PODFILE CHECKSUM: 488d63b67843975333a05e8d0a2cc8ea3ed5313d

COCOAPODS: 1.8.4
